<?xml version="1.0" encoding="utf-8"?>
<Project ToolsVersion="4.0" xmlns="http://schemas.microsoft.com/developer/msbuild/2003">
  <ItemGroup>
    <Filter Include="Resource Files">
      <UniqueIdentifier>{67DA6AB6-F800-4c08-8B7A-83BB121AAD01}</UniqueIdentifier>
      <Extensions>rc;ico;cur;bmp;dlg;rc2;rct;bin;rgs;gif;jpg;jpeg;jpe;resx;tiff;tif;png;wav;mfcribbon-ms</Extensions>
    </Filter>
    <Filter Include="Components">
      <UniqueIdentifier>{eade8291-eea4-4353-9e9f-24847e781dbd}</UniqueIdentifier>
    </Filter>
    <Filter Include="Components\Entity">
      <UniqueIdentifier>{95eecf0c-ddd7-41fe-a6d6-fc6d5960c424}</UniqueIdentifier>
    </Filter>
    <Filter Include="Components\Geometry">
      <UniqueIdentifier>{362c458c-b1c7-4e2d-b824-ff83e8be7e02}</UniqueIdentifier>
    </Filter>
    <Filter Include="Components\Input">
      <UniqueIdentifier>{0c931946-f597-41f7-bb86-a2456d8fda1a}</UniqueIdentifier>
    </Filter>
    <Filter Include="Components\Math">
      <UniqueIdentifier>{49dcf765-fe08-420a-9d5d-ef0470c497c3}</UniqueIdentifier>
    </Filter>
    <Filter Include="Components\Physics">
      <UniqueIdentifier>{b7f97034-cd2d-4d0c-955d-4d9eb70f76ad}</UniqueIdentifier>
    </Filter>
    <Filter Include="Components\Rendering">
      <UniqueIdentifier>{e32fe64a-2a87-4c32-a7ee-4b4385340f54}</UniqueIdentifier>
    </Filter>
    <Filter Include="Components\Scene">
      <UniqueIdentifier>{284f9034-2399-4bd6-87df-87c914714dcb}</UniqueIdentifier>
    </Filter>
    <Filter Include="Components\Transform">
      <UniqueIdentifier>{35648a40-bef5-47e5-85fb-98c9e90befff}</UniqueIdentifier>
    </Filter>
    <Filter Include="Components\Entity\Entity_Data">
      <UniqueIdentifier>{02083274-0c18-499c-b468-5b011ee09491}</UniqueIdentifier>
    </Filter>
    <Filter Include="Components\Geometry\Mesh">
      <UniqueIdentifier>{07008a22-e9f2-4785-8109-19369ffd5e3b}</UniqueIdentifier>
    </Filter>
    <Filter Include="Components\Geometry\Primitives">
      <UniqueIdentifier>{45fa9a23-7a5a-4a0c-ae4b-ae248d80a5fb}</UniqueIdentifier>
    </Filter>
    <Filter Include="Components\Input\InputManger">
      <UniqueIdentifier>{a5826eba-ee08-498f-af0d-552dba1877c0}</UniqueIdentifier>
    </Filter>
    <Filter Include="Components\Input\InputManger\Keybind">
      <UniqueIdentifier>{3494d54a-13bb-46ad-abb2-fdde0a39d336}</UniqueIdentifier>
    </Filter>
    <Filter Include="Components\Math\Vector">
      <UniqueIdentifier>{0a27d547-8203-4301-b361-9542c6bb8d3e}</UniqueIdentifier>
    </Filter>
    <Filter Include="Components\Math\Matrix">
      <UniqueIdentifier>{8a7340c9-1337-442f-a3af-73887f0937d1}</UniqueIdentifier>
    </Filter>
    <Filter Include="Components\Window">
      <UniqueIdentifier>{97f69027-7838-4d70-a55c-18f3f0868d10}</UniqueIdentifier>
    </Filter>
    <Filter Include="Components\Rendering\Projection">
      <UniqueIdentifier>{6a0e28ac-ad98-4c84-ad4f-df1fd1d8e697}</UniqueIdentifier>
    </Filter>
    <Filter Include="Components\Physics\RigidBody">
      <UniqueIdentifier>{41e6b893-62c8-487e-92cd-f6f4d6f8a5a1}</UniqueIdentifier>
    </Filter>
    <Filter Include="Core">
      <UniqueIdentifier>{f70d8b6b-bbce-4348-b540-e69dc9aba6ce}</UniqueIdentifier>
    </Filter>
    <Filter Include="Core\Conversions">
      <UniqueIdentifier>{44362450-422a-4660-9773-b86dd4bd506e}</UniqueIdentifier>
    </Filter>
    <Filter Include="Core\FrameStat">
      <UniqueIdentifier>{1e5eee3d-ea69-408f-823c-a43506a4dd2c}</UniqueIdentifier>
    </Filter>
    <Filter Include="Core\Global">
      <UniqueIdentifier>{f4a1e350-7959-4e76-8b35-31c7c1c854e2}</UniqueIdentifier>
    </Filter>
    <Filter Include="Core\Timer">
      <UniqueIdentifier>{a834eff7-c9f6-4eb5-987f-afd05755dd5b}</UniqueIdentifier>
    </Filter>
    <Filter Include="Engine">
      <UniqueIdentifier>{a6e9359a-9532-4f4b-90d8-32a36223dcf4}</UniqueIdentifier>
    </Filter>
    <Filter Include="Tests">
      <UniqueIdentifier>{c1aab404-73dd-4c18-96a0-f82816c6b794}</UniqueIdentifier>
    </Filter>
    <Filter Include="Documentation">
      <UniqueIdentifier>{c5662266-b70f-43a5-9b03-4797364c044b}</UniqueIdentifier>
    </Filter>
  </ItemGroup>
  <ItemGroup>
    <ClCompile Include="main.cpp" />
    <ClCompile Include="Source\Components\Entity\Entity.cpp">
      <Filter>Components\Entity</Filter>
    </ClCompile>
    <ClCompile Include="Source\Components\Geometry\Mesh\Mesh.cpp">
      <Filter>Components\Geometry\Mesh</Filter>
    </ClCompile>
    <ClCompile Include="Source\Components\Geometry\Primitives\Triangle.cpp">
      <Filter>Components\Geometry\Primitives</Filter>
    </ClCompile>
    <ClCompile Include="Source\Components\Geometry\Primitives\Cube.cpp">
      <Filter>Components\Geometry\Primitives</Filter>
    </ClCompile>
    <ClCompile Include="Source\Components\Geometry\Primitives\Rectangle.cpp">
      <Filter>Components\Geometry\Primitives</Filter>
    </ClCompile>
    <ClCompile Include="Source\Components\Input\InputManager\InputManager.cpp">
      <Filter>Components\Input\InputManger</Filter>
    </ClCompile>
    <ClCompile Include="Source\Components\Input\InputManager\Keybind\Keybind.cpp">
      <Filter>Components\Input\InputManger\Keybind</Filter>
    </ClCompile>
    <ClCompile Include="Source\Components\Math\Vector\Vector_functions.cpp">
      <Filter>Components\Math\Vector</Filter>
    </ClCompile>
    <ClCompile Include="Source\Components\Math\Vector\Vector.cpp">
      <Filter>Components\Math\Vector</Filter>
    </ClCompile>
    <ClCompile Include="Source\Components\Transform\Transform.cpp">
      <Filter>Components\Transform</Filter>
    </ClCompile>
    <ClCompile Include="Source\Components\Scene\Scene.cpp">
      <Filter>Components\Scene</Filter>
    </ClCompile>
    <ClCompile Include="Source\Components\Rendering\Shader.cpp">
      <Filter>Components\Rendering</Filter>
    </ClCompile>
    <ClCompile Include="Source\Components\Rendering\Projection\Projection.cpp">
      <Filter>Components\Rendering\Projection</Filter>
    </ClCompile>
    <ClCompile Include="Source\Components\Physics\Physics.cpp">
      <Filter>Components\Physics</Filter>
    </ClCompile>
    <ClCompile Include="Source\Components\Physics\RigidBody\RigidBody.cpp">
      <Filter>Components\Physics\RigidBody</Filter>
    </ClCompile>
    <ClCompile Include="Source\Components\Window\Window.cpp">
      <Filter>Components\Window</Filter>
    </ClCompile>
    <ClCompile Include="Source\Core\FrameStat\FrameStat.cpp">
      <Filter>Core\FrameStat</Filter>
    </ClCompile>
    <ClCompile Include="Source\Core\Timer\Timer.cpp">
      <Filter>Core\Timer</Filter>
    </ClCompile>
    <ClCompile Include="Source\Tests\TimerTest.cpp">
      <Filter>Tests</Filter>
    </ClCompile>
    <ClCompile Include="Source\Tests\Vec2dTest.cpp">
      <Filter>Tests</Filter>
    </ClCompile>
    <ClCompile Include="Source\Tests\Vec3dTest.cpp">
      <Filter>Tests</Filter>
    </ClCompile>
    <ClCompile Include="Source\Tests\Vec4dTest.cpp">
      <Filter>Tests</Filter>
    </ClCompile>
    <ClCompile Include="Source\Tests\MatrixTest.cpp">
      <Filter>Tests</Filter>
    </ClCompile>
    <ClCompile Include="Source\Engine\Engine.cpp">
      <Filter>Engine</Filter>
    </ClCompile>
  </ItemGroup>
  <ItemGroup>
    <ClInclude Include="resource.h">
      <Filter>Resource Files</Filter>
    </ClInclude>
    <ClInclude Include="Source\Components\Components.h">
      <Filter>Components</Filter>
    </ClInclude>
    <ClInclude Include="Source\Components\Entity\Entity.h">
      <Filter>Components\Entity</Filter>
    </ClInclude>
    <ClInclude Include="Source\Components\Entity\Entity_Data\Entity_Data.h">
      <Filter>Components\Entity\Entity_Data</Filter>
    </ClInclude>
    <ClInclude Include="Source\Components\Geometry\Geometry.h">
      <Filter>Components\Geometry</Filter>
    </ClInclude>
    <ClInclude Include="Source\Components\Geometry\Mesh\Mesh.h">
      <Filter>Components\Geometry\Mesh</Filter>
    </ClInclude>
    <ClInclude Include="Source\Components\Geometry\Primitives\Rectangle.h">
      <Filter>Components\Geometry\Primitives</Filter>
    </ClInclude>
    <ClInclude Include="Source\Components\Geometry\Primitives\Triangle.h">
      <Filter>Components\Geometry\Primitives</Filter>
    </ClInclude>
    <ClInclude Include="Source\Components\Geometry\Primitives\Cube.h">
      <Filter>Components\Geometry\Primitives</Filter>
    </ClInclude>
    <ClInclude Include="Source\Components\Input\InputManager\InputManager.h">
      <Filter>Components\Input\InputManger</Filter>
    </ClInclude>
    <ClInclude Include="Source\Components\Input\InputManager\Keybind\Keybind.h">
      <Filter>Components\Input\InputManger\Keybind</Filter>
    </ClInclude>
    <ClInclude Include="Source\Components\Math\Matrix\Matrix.hpp">
      <Filter>Components\Math\Matrix</Filter>
    </ClInclude>
    <ClInclude Include="Source\Components\Math\Vector\Vector.h">
      <Filter>Components\Math\Vector</Filter>
    </ClInclude>
    <ClInclude Include="Source\Components\Transform\Transform.h">
      <Filter>Components\Transform</Filter>
    </ClInclude>
    <ClInclude Include="Source\Components\Scene\Scene.h">
      <Filter>Components\Scene</Filter>
    </ClInclude>
    <ClInclude Include="Source\Components\Rendering\Projection\Projection.h">
      <Filter>Components\Rendering\Projection</Filter>
    </ClInclude>
    <ClInclude Include="Source\Components\Physics\Physics.h">
      <Filter>Components\Physics</Filter>
    </ClInclude>
    <ClInclude Include="Source\Components\Physics\RigidBody\RigidBody.h">
      <Filter>Components\Physics\RigidBody</Filter>
    </ClInclude>
    <ClInclude Include="Source\Components\Window\Window.h">
      <Filter>Components\Window</Filter>
    </ClInclude>
    <ClInclude Include="Source\Core\Core.h">
      <Filter>Core</Filter>
    </ClInclude>
    <ClInclude Include="Source\Core\Conversions\Conversion.hpp">
      <Filter>Core\Conversions</Filter>
    </ClInclude>
    <ClInclude Include="Source\Core\FrameStat\FrameStat.h">
      <Filter>Core\FrameStat</Filter>
    </ClInclude>
    <ClInclude Include="Source\Core\Global\Constants.h">
      <Filter>Core\Global</Filter>
    </ClInclude>
    <ClInclude Include="Source\Core\Timer\Timer.h">
      <Filter>Core\Timer</Filter>
    </ClInclude>
    <ClInclude Include="Source\Engine\Engine.h">
      <Filter>Engine</Filter>
    </ClInclude>
    <ClInclude Include="Source\Tests\UTests.h">
      <Filter>Tests</Filter>
    </ClInclude>
  </ItemGroup>
  <ItemGroup>
    <ResourceCompile Include="Randor_simplu.rc">
      <Filter>Resource Files</Filter>
    </ResourceCompile>
  </ItemGroup>
  <ItemGroup>
    <Image Include="Icon.ico">
      <Filter>Resource Files</Filter>
    </Image>
  </ItemGroup>
  <ItemGroup>
    <None Include="Source\Components\Math\Matrix\Matrix.inl">
      <Filter>Components\Math\Matrix</Filter>
    </None>
    <None Include="Source\Core\Conversions\Conversion.inl">
      <Filter>Core\Conversions</Filter>
    </None>
  </ItemGroup>
  <ItemGroup>
    <Text Include="Documentation\Ideas.txt">
      <Filter>Documentation</Filter>
    </Text>
    <Text Include="Documentation\Regression text.txt">
      <Filter>Documentation</Filter>
    </Text>
    <Text Include="Documentation\Shelf_Handoff_Note.txt">
      <Filter>Documentation</Filter>
    </Text>
    <Text Include="Documentation\Engine TODO.txt">
      <Filter>Documentation</Filter>
    </Text>
    <Text Include="Documentation\Graphics TODO.txt">
      <Filter>Documentation</Filter>
    </Text>
  </ItemGroup>
</Project>